
Microsoft Visual Studio Solution File, Format Version 12.00
# Visual Studio 14
VisualStudioVersion = 14.0.25420.1
MinimumVisualStudioVersion = 10.0.40219.1
Project("{FAE04EC0-301F-11D3-BF4B-00C04F79EFBC}") = "SWEN-344 Bookstore", "SWEN-344 Bookstore\SWEN-344 Bookstore.csproj", "{8DF3ADE6-64EF-4F94-91B8-2F36F3190A20}"
EndProject
Project("{FAE04EC0-301F-11D3-BF4B-00C04F79EFBC}") = "SWEN-344 Bookstore.Tests", "SWEN-344 Bookstore.Tests\SWEN-344 Bookstore.Tests.csproj", "{4548180D-2346-4188-8F01-BECF0AF48C26}"
EndProject
Global
	GlobalSection(SolutionConfigurationPlatforms) = preSolution
		Debug|Any CPU = Debug|Any CPU
		Release|Any CPU = Release|Any CPU
	EndGlobalSection
	GlobalSection(ProjectConfigurationPlatforms) = postSolution
		{8DF3ADE6-64EF-4F94-91B8-2F36F3190A20}.Debug|Any CPU.ActiveCfg = Debug|Any CPU
		{8DF3ADE6-64EF-4F94-91B8-2F36F3190A20}.Debug|Any CPU.Build.0 = Debug|Any CPU
		{8DF3ADE6-64EF-4F94-91B8-2F36F3190A20}.Release|Any CPU.ActiveCfg = Release|Any CPU
		{8DF3ADE6-64EF-4F94-91B8-2F36F3190A20}.Release|Any CPU.Build.0 = Release|Any CPU
		{4548180D-2346-4188-8F01-BECF0AF48C26}.Debug|Any CPU.ActiveCfg = Debug|Any CPU
		{4548180D-2346-4188-8F01-BECF0AF48C26}.Debug|Any CPU.Build.0 = Debug|Any CPU
		{4548180D-2346-4188-8F01-BECF0AF48C26}.Release|Any CPU.ActiveCfg = Release|Any CPU
		{4548180D-2346-4188-8F01-BECF0AF48C26}.Release|Any CPU.Build.0 = Release|Any CPU
	EndGlobalSection
	GlobalSection(SolutionProperties) = preSolution
		HideSolutionNode = FALSE
	EndGlobalSection
EndGlobal
